{
  "name": "qiuqiu",
  "lockfileVersion": 2,
  "requires": true,
  "packages": {
    "": {
      "dependencies": {
        "umtrack-qq-game": "^2.6.6"
      }
    },
    "node_modules/umtrack-qq-game": {
      "version": "2.6.6",
      "resolved": "https://registry.npmjs.org/umtrack-qq-game/-/umtrack-qq-game-2.6.6.tgz",
      "integrity": "sha512-cuGESHgN7ctKKEZlzUnN/CW+YUhr+TcLC9OUuZhik7OX7lBGNvE5pAaQ7VMatnNasJaqwicGI2AqFnj5v34+Cg=="
    }
  },
  "dependencies": {
    "umtrack-qq-game": {
      "version": "2.6.6",
      "resolved": "https://registry.npmjs.org/umtrack-qq-game/-/umtrack-qq-game-2.6.6.tgz",
      "integrity": "sha512-cuGESHgN7ctKKEZlzUnN/CW+YUhr+TcLC9OUuZhik7OX7lBGNvE5pAaQ7VMatnNasJaqwicGI2AqFnj5v34+Cg=="
    }
  }
}
